
Microsoft Visual Studio Solution File, Format Version 12.00
# Visual Studio Version 17
VisualStudioVersion = 17.5.33516.290
MinimumVisualStudioVersion = 10.0.40219.1
Project("{FAE04EC0-301F-11D3-BF4B-00C04F79EFBC}") = "SonicGPiT", "SonicGPiT\SonicGPiT.csproj", "{F4C7B547-29B0-4812-9154-54061CF6ED7E}"
EndProject
Project("{FAE04EC0-301F-11D3-BF4B-00C04F79EFBC}") = "GptHandler", "GptHandler\GptHandler.csproj", "{A2439480-9D47-436C-BD17-024EDB7F9337}"
EndProject
Project("{FAE04EC0-301F-11D3-BF4B-00C04F79EFBC}") = "Shared", "Shared\Shared.csproj", "{D759F070-42E7-4DBE-9DB2-37D608A37097}"
EndProject
Global
	GlobalSection(SolutionConfigurationPlatforms) = preSolution
		Debug|Any CPU = Debug|Any CPU
		Release|Any CPU = Release|Any CPU
	EndGlobalSection
	GlobalSection(ProjectConfigurationPlatforms) = postSolution
		{F4C7B547-29B0-4812-9154-54061CF6ED7E}.Debug|Any CPU.ActiveCfg = Debug|Any CPU
		{F4C7B547-29B0-4812-9154-54061CF6ED7E}.Debug|Any CPU.Build.0 = Debug|Any CPU
		{F4C7B547-29B0-4812-9154-54061CF6ED7E}.Release|Any CPU.ActiveCfg = Release|Any CPU
		{F4C7B547-29B0-4812-9154-54061CF6ED7E}.Release|Any CPU.Build.0 = Release|Any CPU
		{A2439480-9D47-436C-BD17-024EDB7F9337}.Debug|Any CPU.ActiveCfg = Debug|Any CPU
		{A2439480-9D47-436C-BD17-024EDB7F9337}.Debug|Any CPU.Build.0 = Debug|Any CPU
		{A2439480-9D47-436C-BD17-024EDB7F9337}.Release|Any CPU.ActiveCfg = Release|Any CPU
		{A2439480-9D47-436C-BD17-024EDB7F9337}.Release|Any CPU.Build.0 = Release|Any CPU
		{D759F070-42E7-4DBE-9DB2-37D608A37097}.Debug|Any CPU.ActiveCfg = Debug|Any CPU
		{D759F070-42E7-4DBE-9DB2-37D608A37097}.Debug|Any CPU.Build.0 = Debug|Any CPU
		{D759F070-42E7-4DBE-9DB2-37D608A37097}.Release|Any CPU.ActiveCfg = Release|Any CPU
		{D759F070-42E7-4DBE-9DB2-37D608A37097}.Release|Any CPU.Build.0 = Release|Any CPU
	EndGlobalSection
	GlobalSection(SolutionProperties) = preSolution
		HideSolutionNode = FALSE
	EndGlobalSection
	GlobalSection(ExtensibilityGlobals) = postSolution
		SolutionGuid = {BCFE796B-4C53-4E4A-A4C0-D70C02E880C5}
	EndGlobalSection
EndGlobal
